
Microsoft Visual Studio Solution File, Format Version 12.00
# Visual Studio Version 17
VisualStudioVersion = 17.10.35013.160
MinimumVisualStudioVersion = 10.0.40219.1
Project("{FAE04EC0-301F-11D3-BF4B-00C04F79EFBC}") = "Personal_Information", "Personal_Information.csproj", "{D96790BF-AB9F-41F5-B312-98B6E3A7AFB5}"
EndProject
Global
	GlobalSection(SolutionConfigurationPlatforms) = preSolution
		Debug|Any CPU = Debug|Any CPU
		Release|Any CPU = Release|Any CPU
	EndGlobalSection
	GlobalSection(ProjectConfigurationPlatforms) = postSolution
		{D96790BF-AB9F-41F5-B312-98B6E3A7AFB5}.Debug|Any CPU.ActiveCfg = Debug|Any CPU
		{D96790BF-AB9F-41F5-B312-98B6E3A7AFB5}.Debug|Any CPU.Build.0 = Debug|Any CPU
		{D96790BF-AB9F-41F5-B312-98B6E3A7AFB5}.Release|Any CPU.ActiveCfg = Release|Any CPU
		{D96790BF-AB9F-41F5-B312-98B6E3A7AFB5}.Release|Any CPU.Build.0 = Release|Any CPU
	EndGlobalSection
	GlobalSection(SolutionProperties) = preSolution
		HideSolutionNode = FALSE
	EndGlobalSection
	GlobalSection(ExtensibilityGlobals) = postSolution
		SolutionGuid = {34FF5B6A-F794-4E67-90F9-FE4C781A90B0}
	EndGlobalSection
EndGlobal
